// !$*UTF8*$!
{
	archiveVersion = 1;
	classes = {
	};
	objectVersion = 48;
	objects = {

/* Begin PBXBuildFile section */
		3182F8321FB443240095947C /* AppDelegate.swift in Sources */ = {isa = PBXBuildFile; fileRef = 3182F8311FB443240095947C /* AppDelegate.swift */; };
		3182F8341FB443240095947C /* art.scnassets in Resources */ = {isa = PBXBuildFile; fileRef = 3182F8331FB443240095947C /* art.scnassets */; };
		3182F8361FB443240095947C /* GameViewController.swift in Sources */ = {isa = PBXBuildFile; fileRef = 3182F8351FB443240095947C /* GameViewController.swift */; };
		3182F8391FB443240095947C /* Main.storyboard in Resources */ = {isa = PBXBuildFile; fileRef = 3182F8371FB443240095947C /* Main.storyboard */; };
		3182F83B1FB443240095947C /* Assets.xcassets in Resources */ = {isa = PBXBuildFile; fileRef = 3182F83A1FB443240095947C /* Assets.xcassets */; };
		3182F83E1FB443240095947C /* LaunchScreen.storyboard in Resources */ = {isa = PBXBuildFile; fileRef = 3182F83C1FB443240095947C /* LaunchScreen.storyboard */; };
		3182F8461FB445CE0095947C /* BirdScene.swift in Sources */ = {isa = PBXBuildFile; fileRef = 3182F8451FB445CE0095947C /* BirdScene.swift */; };
		6C0A10961FC4B90F00161AB8 /* ScreenFoto in Resources */ = {isa = PBXBuildFile; fileRef = 6C0A10951FC4B90F00161AB8 /* ScreenFoto */; };
		6C713C4E1FC627770085BDA6 /* MenuScene.swift in Sources */ = {isa = PBXBuildFile; fileRef = 6C713C4D1FC627770085BDA6 /* MenuScene.swift */; };
		6C713C501FC62D500085BDA6 /* GameSKOverlay.swift in Sources */ = {isa = PBXBuildFile; fileRef = 6C713C4F1FC62D500085BDA6 /* GameSKOverlay.swift */; };
/* End PBXBuildFile section */

/* Begin PBXFileReference section */
		3182F82E1FB443240095947C /* FlappyBird3D.app */ = {isa = PBXFileReference; explicitFileType = wrapper.application; includeInIndex = 0; path = FlappyBird3D.app; sourceTree = BUILT_PRODUCTS_DIR; };
		3182F8311FB443240095947C /* AppDelegate.swift */ = {isa = PBXFileReference; lastKnownFileType = sourcecode.swift; path = AppDelegate.swift; sourceTree = "<group>"; };
		3182F8331FB443240095947C /* art.scnassets */ = {isa = PBXFileReference; lastKnownFileType = wrapper.scnassets; path = art.scnassets; sourceTree = "<group>"; };
		3182F8351FB443240095947C /* GameViewController.swift */ = {isa = PBXFileReference; lastKnownFileType = sourcecode.swift; path = GameViewController.swift; sourceTree = "<group>"; };
		3182F8381FB443240095947C /* Base */ = {isa = PBXFileReference; lastKnownFileType = file.storyboard; name = Base; path = Base.lproj/Main.storyboard; sourceTree = "<group>"; };
		3182F83A1FB443240095947C /* Assets.xcassets */ = {isa = PBXFileReference; lastKnownFileType = folder.assetcatalog; path = Assets.xcassets; sourceTree = "<group>"; };
		3182F83D1FB443240095947C /* Base */ = {isa = PBXFileReference; lastKnownFileType = file.storyboard; name = Base; path = Base.lproj/LaunchScreen.storyboard; sourceTree = "<group>"; };
		3182F83F1FB443240095947C /* Info.plist */ = {isa = PBXFileReference; lastKnownFileType = text.plist.xml; path = Info.plist; sourceTree = "<group>"; };
		3182F8451FB445CE0095947C /* BirdScene.swift */ = {isa = PBXFileReference; lastKnownFileType = sourcecode.swift; path = BirdScene.swift; sourceTree = "<group>"; };
		6C0A10951FC4B90F00161AB8 /* ScreenFoto */ = {isa = PBXFileReference; lastKnownFileType = folder; path = ScreenFoto; sourceTree = "<group>"; };
		6C713C4D1FC627770085BDA6 /* MenuScene.swift */ = {isa = PBXFileReference; lastKnownFileType = sourcecode.swift; path = MenuScene.swift; sourceTree = "<group>"; };
		6C713C4F1FC62D500085BDA6 /* GameSKOverlay.swift */ = {isa = PBXFileReference; lastKnownFileType = sourcecode.swift; path = GameSKOverlay.swift; sourceTree = "<group>"; };
/* End PBXFileReference section */

/* Begin PBXFrameworksBuildPhase section */
		3182F82B1FB443240095947C /* Frameworks */ = {
			isa = PBXFrameworksBuildPhase;
			buildActionMask = 2147483647;
			files = (
			);
			runOnlyForDeploymentPostprocessing = 0;
		};
/* End PBXFrameworksBuildPhase section */

/* Begin PBXGroup section */
		3182F8251FB443240095947C = {
			isa = PBXGroup;
			children = (
				3182F8301FB443240095947C /* FlappyBird3D */,
				3182F82F1FB443240095947C /* Products */,
			);
			sourceTree = "<group>";
		};
		3182F82F1FB443240095947C /* Products */ = {
			isa = PBXGroup;
			children = (
				3182F82E1FB443240095947C /* FlappyBird3D.app */,
			);
			name = Products;
			sourceTree = "<group>";
		};
		3182F8301FB443240095947C /* FlappyBird3D */ = {
			isa = PBXGroup;
			children = (
				3182F8311FB443240095947C /* AppDelegate.swift */,
				3182F8331FB443240095947C /* art.scnassets */,
				3182F8351FB443240095947C /* GameViewController.swift */,
				3182F8451FB445CE0095947C /* BirdScene.swift */,
				6C713C4D1FC627770085BDA6 /* MenuScene.swift */,
				6C713C4F1FC62D500085BDA6 /* GameSKOverlay.swift */,
				3182F8371FB443240095947C /* Main.storyboard */,
				6C0A10951FC4B90F00161AB8 /* ScreenFoto */,
				3182F83A1FB443240095947C /* Assets.xcassets */,
				3182F83C1FB443240095947C /* LaunchScreen.storyboard */,
				3182F83F1FB443240095947C /* Info.plist */,
			);
			path = FlappyBird3D;
			sourceTree = "<group>";
		};
/* End PBXGroup section */

/* Begin PBXNativeTarget section */
		3182F82D1FB443240095947C /* FlappyBird3D */ = {
			isa = PBXNativeTarget;
			buildConfigurationList = 3182F8421FB443240095947C /* Build configuration list for PBXNativeTarget "FlappyBird3D" */;
			buildPhases = (
				3182F82A1FB443240095947C /* Sources */,
				3182F82B1FB443240095947C /* Frameworks */,
				3182F82C1FB443240095947C /* Resources */,
			);
			buildRules = (
			);
			dependencies = (
			);
			name = FlappyBird3D;
			productName = FlappyBird3D;
			productReference = 3182F82E1FB443240095947C /* FlappyBird3D.app */;
			productType = "com.apple.product-type.application";
		};
/* End PBXNativeTarget section */

/* Begin PBXProject section */
		3182F8261FB443240095947C /* Project object */ = {
			isa = PBXProject;
			attributes = {
				LastSwiftUpdateCheck = 0910;
				LastUpgradeCheck = 0910;
				ORGANIZATIONNAME = Test;
				TargetAttributes = {
					3182F82D1FB443240095947C = {
						CreatedOnToolsVersion = 9.1;
						ProvisioningStyle = Automatic;
					};
				};
			};
			buildConfigurationList = 3182F8291FB443240095947C /* Build configuration list for PBXProject "FlappyBird3D" */;
			compatibilityVersion = "Xcode 8.0";
			developmentRegion = en;
			hasScannedForEncodings = 0;
			knownRegions = (
				en,
				Base,
			);
			mainGroup = 3182F8251FB443240095947C;
			productRefGroup = 3182F82F1FB443240095947C /* Products */;
			projectDirPath = "";
			projectRoot = "";
			targets = (
				3182F82D1FB443240095947C /* FlappyBird3D */,
			);
		};
/* End PBXProject section */

/* Begin PBXResourcesBuildPhase section */
		3182F82C1FB443240095947C /* Resources */ = {
			isa = PBXResourcesBuildPhase;
			buildActionMask = 2147483647;
			files = (
				6C0A10961FC4B90F00161AB8 /* ScreenFoto in Resources */,
				3182F8341FB443240095947C /* art.scnassets in Resources */,
				3182F83E1FB443240095947C /* LaunchScreen.storyboard in Resources */,
				3182F83B1FB443240095947C /* Assets.xcassets in Resources */,
				3182F8391FB443240095947C /* Main.storyboard in Resources */,
			);
			runOnlyForDeploymentPostprocessing = 0;
		};
/* End PBXResourcesBuildPhase section */

/* Begin PBXSourcesBuildPhase section */
		3182F82A1FB443240095947C /* Sources */ = {
			isa = PBXSourcesBuildPhase;
			buildActionMask = 2147483647;
			files = (
				3182F8461FB445CE0095947C /* BirdScene.swift in Sources */,
				6C713C4E1FC627770085BDA6 /* MenuScene.swift in Sources */,
				6C713C501FC62D500085BDA6 /* GameSKOverlay.swift in Sources */,
				3182F8361FB443240095947C /* GameViewController.swift in Sources */,
				3182F8321FB443240095947C /* AppDelegate.swift in Sources */,
			);
			runOnlyForDeploymentPostprocessing = 0;
		};
/* End PBXSourcesBuildPhase section */

/* Begin PBXVariantGroup section */
		3182F8371FB443240095947C /* Main.storyboard */ = {
			isa = PBXVariantGroup;
			children = (
				3182F8381FB443240095947C /* Base */,
			);
			name = Main.storyboard;
			sourceTree = "<group>";
		};
		3182F83C1FB443240095947C /* LaunchScreen.storyboard */ = {
			isa = PBXVariantGroup;
			children = (
				3182F83D1FB443240095947C /* Base */,
			);
			name = LaunchScreen.storyboard;
			sourceTree = "<group>";
		};
/* End PBXVariantGroup section */

/* Begin XCBuildConfiguration section */
		3182F8401FB443240095947C /* Debug */ = {
			isa = XCBuildConfiguration;
			buildSettings = {
				ALWAYS_SEARCH_USER_PATHS = NO;
				CLANG_ANALYZER_NONNULL = YES;
				CLANG_ANALYZER_NUMBER_OBJECT_CONVERSION = YES_AGGRESSIVE;
				CLANG_CXX_LANGUAGE_STANDARD = "gnu++14";
				CLANG_CXX_LIBRARY = "libc++";
				CLANG_ENABLE_MODULES = YES;
				CLANG_ENABLE_OBJC_ARC = YES;
				CLANG_WARN_BLOCK_CAPTURE_AUTORELEASING = YES;
				CLANG_WARN_BOOL_CONVERSION = YES;
				CLANG_WARN_COMMA = YES;
				CLANG_WARN_CONSTANT_CONVERSION = YES;
				CLANG_WARN_DIRECT_OBJC_ISA_USAGE = YES_ERROR;
				CLANG_WARN_DOCUMENTATION_COMMENTS = YES;
				CLANG_WARN_EMPTY_BODY = YES;
				CLANG_WARN_ENUM_CONVERSION = YES;
				CLANG_WARN_INFINITE_RECURSION = YES;
				CLANG_WARN_INT_CONVERSION = YES;
				CLANG_WARN_NON_LITERAL_NULL_CONVERSION = YES;
				CLANG_WARN_OBJC_LITERAL_CONVERSION = YES;
				CLANG_WARN_OBJC_ROOT_CLASS = YES_ERROR;
				CLANG_WARN_RANGE_LOOP_ANALYSIS = YES;
				CLANG_WARN_STRICT_PROTOTYPES = YES;
				CLANG_WARN_SUSPICIOUS_MOVE = YES;
				CLANG_WARN_UNGUARDED_AVAILABILITY = YES_AGGRESSIVE;
				CLANG_WARN_UNREACHABLE_CODE = YES;
				CLANG_WARN__DUPLICATE_METHOD_MATCH = YES;
				CODE_SIGN_IDENTITY = "iPhone Developer";
				COPY_PHASE_STRIP = NO;
				DEBUG_INFORMATION_FORMAT = dwarf;
				ENABLE_STRICT_OBJC_MSGSEND = YES;
				ENABLE_TESTABILITY = YES;
				GCC_C_LANGUAGE_STANDARD = gnu11;
				GCC_DYNAMIC_NO_PIC = NO;
				GCC_NO_COMMON_BLOCKS = YES;
				GCC_OPTIMIZATION_LEVEL = 0;
				GCC_PREPROCESSOR_DEFINITIONS = (
					"DEBUG=1",
					"$(inherited)",
				);
				GCC_WARN_64_TO_32_BIT_CONVERSION = YES;
				GCC_WARN_ABOUT_RETURN_TYPE = YES_ERROR;
				GCC_WARN_UNDECLARED_SELECTOR = YES;
				GCC_WARN_UNINITIALIZED_AUTOS = YES_AGGRESSIVE;
				GCC_WARN_UNUSED_FUNCTION = YES;
				GCC_WARN_UNUSED_VARIABLE = YES;
				IPHONEOS_DEPLOYMENT_TARGET = 11.1;
				MTL_ENABLE_DEBUG_INFO = YES;
				ONLY_ACTIVE_ARCH = YES;
				SDKROOT = iphoneos;
				SWIFT_ACTIVE_COMPILATION_CONDITIONS = DEBUG;
				SWIFT_OPTIMIZATION_LEVEL = "-Onone";
			};
			name = Debug;
		};
		3182F8411FB443240095947C /* Release */ = {
			isa = XCBuildConfiguration;
			buildSettings = {
				ALWAYS_SEARCH_USER_PATHS = NO;
				CLANG_ANALYZER_NONNULL = YES;
				CLANG_ANALYZER_NUMBER_OBJECT_CONVERSION = YES_AGGRESSIVE;
				CLANG_CXX_LANGUAGE_STANDARD = "gnu++14";
				CLANG_CXX_LIBRARY = "libc++";
				CLANG_ENABLE_MODULES = YES;
				CLANG_ENABLE_OBJC_ARC = YES;
				CLANG_WARN_BLOCK_CAPTURE_AUTORELEASING = YES;
				CLANG_WARN_BOOL_CONVERSION = YES;
				CLANG_WARN_COMMA = YES;
				CLANG_WARN_CONSTANT_CONVERSION = YES;
				CLANG_WARN_DIRECT_OBJC_ISA_USAGE = YES_ERROR;
				CLANG_WARN_DOCUMENTATION_COMMENTS = YES;
				CLANG_WARN_EMPTY_BODY = YES;
				CLANG_WARN_ENUM_CONVERSION = YES;
				CLANG_WARN_INFINITE_RECURSION = YES;
				CLANG_WARN_INT_CONVERSION = YES;
				CLANG_WARN_NON_LITERAL_NULL_CONVERSION = YES;
				CLANG_WARN_OBJC_LITERAL_CONVERSION = YES;
				CLANG_WARN_OBJC_ROOT_CLASS = YES_ERROR;
				CLANG_WARN_RANGE_LOOP_ANALYSIS = YES;
				CLANG_WARN_STRICT_PROTOTYPES = YES;
				CLANG_WARN_SUSPICIOUS_MOVE = YES;
				CLANG_WARN_UNGUARDED_AVAILABILITY = YES_AGGRESSIVE;
				CLANG_WARN_UNREACHABLE_CODE = YES;
				CLANG_WARN__DUPLICATE_METHOD_MATCH = YES;
				CODE_SIGN_IDENTITY = "iPhone Developer";
				COPY_PHASE_STRIP = NO;
				DEBUG_INFORMATION_FORMAT = "dwarf-with-dsym";
				ENABLE_NS_ASSERTIONS = NO;
				ENABLE_STRICT_OBJC_MSGSEND = YES;
				GCC_C_LANGUAGE_STANDARD = gnu11;
				GCC_NO_COMMON_BLOCKS = YES;
				GCC_WARN_64_TO_32_BIT_CONVERSION = YES;
				GCC_WARN_ABOUT_RETURN_TYPE = YES_ERROR;
				GCC_WARN_UNDECLARED_SELECTOR = YES;
				GCC_WARN_UNINITIALIZED_AUTOS = YES_AGGRESSIVE;
				GCC_WARN_UNUSED_FUNCTION = YES;
				GCC_WARN_UNUSED_VARIABLE = YES;
				IPHONEOS_DEPLOYMENT_TARGET = 11.1;
				MTL_ENABLE_DEBUG_INFO = NO;
				SDKROOT = iphoneos;
				SWIFT_OPTIMIZATION_LEVEL = "-Owholemodule";
				VALIDATE_PRODUCT = YES;
			};
			name = Release;
		};
		3182F8431FB443240095947C /* Debug */ = {
			isa = XCBuildConfiguration;
			buildSettings = {
				ASSETCATALOG_COMPILER_APPICON_NAME = AppIcon;
				CODE_SIGN_STYLE = Automatic;
				INFOPLIST_FILE = FlappyBird3D/Info.plist;
				LD_RUNPATH_SEARCH_PATHS = "$(inherited) @executable_path/Frameworks";
				PRODUCT_BUNDLE_IDENTIFIER = com.virer.FlappyBird3D;
				PRODUCT_NAME = "$(TARGET_NAME)";
				SWIFT_VERSION = 4.0;
				TARGETED_DEVICE_FAMILY = "1,2";
			};
			name = Debug;
		};
		3182F8441FB443240095947C /* Release */ = {
			isa = XCBuildConfiguration;
			buildSettings = {
				ASSETCATALOG_COMPILER_APPICON_NAME = AppIcon;
				CODE_SIGN_STYLE = Automatic;
				INFOPLIST_FILE = FlappyBird3D/Info.plist;
				LD_RUNPATH_SEARCH_PATHS = "$(inherited) @executable_path/Frameworks";
				PRODUCT_BUNDLE_IDENTIFIER = com.virer.FlappyBird3D;
				PRODUCT_NAME = "$(TARGET_NAME)";
				SWIFT_VERSION = 4.0;
				TARGETED_DEVICE_FAMILY = "1,2";
			};
			name = Release;
		};
/* End XCBuildConfiguration section */

/* Begin XCConfigurationList section */
		3182F8291FB443240095947C /* Build configuration list for PBXProject "FlappyBird3D" */ = {
			isa = XCConfigurationList;
			buildConfigurations = (
				3182F8401FB443240095947C /* Debug */,
				3182F8411FB443240095947C /* Release */,
			);
			defaultConfigurationIsVisible = 0;
			defaultConfigurationName = Release;
		};
		3182F8421FB443240095947C /* Build configuration list for PBXNativeTarget "FlappyBird3D" */ = {
			isa = XCConfigurationList;
			buildConfigurations = (
				3182F8431FB443240095947C /* Debug */,
				3182F8441FB443240095947C /* Release */,
			);
			defaultConfigurationIsVisible = 0;
			defaultConfigurationName = Release;
		};
/* End XCConfigurationList section */
	};
	rootObject = 3182F8261FB443240095947C /* Project object */;
}
